// !$*UTF8*$!
{
	archiveVersion = 1;
	classes = {
	};
	objectVersion = 55;
	objects = {

/* Begin PBXBuildFile section */
		C659C26A275525A6009A49D3 /* H4X0R_News_SwiftUIApp.swift in Sources */ = {isa = PBXBuildFile; fileRef = C659C269275525A6009A49D3 /* H4X0R_News_SwiftUIApp.swift */; };
		C659C26C275525A6009A49D3 /* ContentView.swift in Sources */ = {isa = PBXBuildFile; fileRef = C659C26B275525A6009A49D3 /* ContentView.swift */; };
		C659C26E275525A7009A49D3 /* Assets.xcassets in Resources */ = {isa = PBXBuildFile; fileRef = C659C26D275525A7009A49D3 /* Assets.xcassets */; };
		C659C271275525A7009A49D3 /* Preview Assets.xcassets in Resources */ = {isa = PBXBuildFile; fileRef = C659C270275525A7009A49D3 /* Preview Assets.xcassets */; };
		C659C279275529B0009A49D3 /* NetWorkManager.swift in Sources */ = {isa = PBXBuildFile; fileRef = C659C278275529B0009A49D3 /* NetWorkManager.swift */; };
		C659C27B27552B53009A49D3 /* PostData.swift in Sources */ = {isa = PBXBuildFile; fileRef = C659C27A27552B53009A49D3 /* PostData.swift */; };
		C689190527588F2300500A87 /* DetailView.swift in Sources */ = {isa = PBXBuildFile; fileRef = C689190427588F2300500A87 /* DetailView.swift */; };
		C6F50B2C2758D26000A62B9E /* WebView.swift in Sources */ = {isa = PBXBuildFile; fileRef = C6F50B2B2758D26000A62B9E /* WebView.swift */; };
/* End PBXBuildFile section */

/* Begin PBXFileReference section */
		C659C266275525A6009A49D3 /* H4X0R News SwiftUI.app */ = {isa = PBXFileReference; explicitFileType = wrapper.application; includeInIndex = 0; path = "H4X0R News SwiftUI.app"; sourceTree = BUILT_PRODUCTS_DIR; };
		C659C269275525A6009A49D3 /* H4X0R_News_SwiftUIApp.swift */ = {isa = PBXFileReference; lastKnownFileType = sourcecode.swift; path = H4X0R_News_SwiftUIApp.swift; sourceTree = "<group>"; };
		C659C26B275525A6009A49D3 /* ContentView.swift */ = {isa = PBXFileReference; lastKnownFileType = sourcecode.swift; path = ContentView.swift; sourceTree = "<group>"; };
		C659C26D275525A7009A49D3 /* Assets.xcassets */ = {isa = PBXFileReference; lastKnownFileType = folder.assetcatalog; path = Assets.xcassets; sourceTree = "<group>"; };
		C659C270275525A7009A49D3 /* Preview Assets.xcassets */ = {isa = PBXFileReference; lastKnownFileType = folder.assetcatalog; path = "Preview Assets.xcassets"; sourceTree = "<group>"; };
		C659C278275529B0009A49D3 /* NetWorkManager.swift */ = {isa = PBXFileReference; lastKnownFileType = sourcecode.swift; path = NetWorkManager.swift; sourceTree = "<group>"; };
		C659C27A27552B53009A49D3 /* PostData.swift */ = {isa = PBXFileReference; lastKnownFileType = sourcecode.swift; path = PostData.swift; sourceTree = "<group>"; };
		C689190427588F2300500A87 /* DetailView.swift */ = {isa = PBXFileReference; lastKnownFileType = sourcecode.swift; path = DetailView.swift; sourceTree = "<group>"; };
		C6F50B2B2758D26000A62B9E /* WebView.swift */ = {isa = PBXFileReference; lastKnownFileType = sourcecode.swift; path = WebView.swift; sourceTree = "<group>"; };
/* End PBXFileReference section */

/* Begin PBXFrameworksBuildPhase section */
		C659C263275525A6009A49D3 /* Frameworks */ = {
			isa = PBXFrameworksBuildPhase;
			buildActionMask = 2147483647;
			files = (
			);
			runOnlyForDeploymentPostprocessing = 0;
		};
/* End PBXFrameworksBuildPhase section */

/* Begin PBXGroup section */
		C659C25D275525A5009A49D3 = {
			isa = PBXGroup;
			children = (
				C659C268275525A6009A49D3 /* H4X0R News SwiftUI */,
				C659C267275525A6009A49D3 /* Products */,
			);
			sourceTree = "<group>";
		};
		C659C267275525A6009A49D3 /* Products */ = {
			isa = PBXGroup;
			children = (
				C659C266275525A6009A49D3 /* H4X0R News SwiftUI.app */,
			);
			name = Products;
			sourceTree = "<group>";
		};
		C659C268275525A6009A49D3 /* H4X0R News SwiftUI */ = {
			isa = PBXGroup;
			children = (
				C659C27727552998009A49D3 /* Model */,
				C659C269275525A6009A49D3 /* H4X0R_News_SwiftUIApp.swift */,
				C689190327588EEB00500A87 /* Views */,
				C659C26D275525A7009A49D3 /* Assets.xcassets */,
				C659C26F275525A7009A49D3 /* Preview Content */,
			);
			path = "H4X0R News SwiftUI";
			sourceTree = "<group>";
		};
		C659C26F275525A7009A49D3 /* Preview Content */ = {
			isa = PBXGroup;
			children = (
				C659C270275525A7009A49D3 /* Preview Assets.xcassets */,
			);
			path = "Preview Content";
			sourceTree = "<group>";
		};
		C659C27727552998009A49D3 /* Model */ = {
			isa = PBXGroup;
			children = (
				C659C278275529B0009A49D3 /* NetWorkManager.swift */,
				C659C27A27552B53009A49D3 /* PostData.swift */,
			);
			path = Model;
			sourceTree = "<group>";
		};
		C689190327588EEB00500A87 /* Views */ = {
			isa = PBXGroup;
			children = (
				C659C26B275525A6009A49D3 /* ContentView.swift */,
				C689190427588F2300500A87 /* DetailView.swift */,
				C6F50B2B2758D26000A62B9E /* WebView.swift */,
			);
			path = Views;
			sourceTree = "<group>";
		};
/* End PBXGroup section */

/* Begin PBXNativeTarget section */
		C659C265275525A6009A49D3 /* H4X0R News SwiftUI */ = {
			isa = PBXNativeTarget;
			buildConfigurationList = C659C274275525A7009A49D3 /* Build configuration list for PBXNativeTarget "H4X0R News SwiftUI" */;
			buildPhases = (
				C659C262275525A6009A49D3 /* Sources */,
				C659C263275525A6009A49D3 /* Frameworks */,
				C659C264275525A6009A49D3 /* Resources */,
			);
			buildRules = (
			);
			dependencies = (
			);
			name = "H4X0R News SwiftUI";
			productName = "H4X0R News SwiftUI";
			productReference = C659C266275525A6009A49D3 /* H4X0R News SwiftUI.app */;
			productType = "com.apple.product-type.application";
		};
/* End PBXNativeTarget section */

/* Begin PBXProject section */
		C659C25E275525A6009A49D3 /* Project object */ = {
			isa = PBXProject;
			attributes = {
				BuildIndependentTargetsInParallel = 1;
				LastSwiftUpdateCheck = 1310;
				LastUpgradeCheck = 1310;
				TargetAttributes = {
					C659C265275525A6009A49D3 = {
						CreatedOnToolsVersion = 13.1;
					};
				};
			};
			buildConfigurationList = C659C261275525A6009A49D3 /* Build configuration list for PBXProject "H4X0R News SwiftUI" */;
			compatibilityVersion = "Xcode 13.0";
			developmentRegion = en;
			hasScannedForEncodings = 0;
			knownRegions = (
				en,
				Base,
			);
			mainGroup = C659C25D275525A5009A49D3;
			productRefGroup = C659C267275525A6009A49D3 /* Products */;
			projectDirPath = "";
			projectRoot = "";
			targets = (
				C659C265275525A6009A49D3 /* H4X0R News SwiftUI */,
			);
		};
/* End PBXProject section */

/* Begin PBXResourcesBuildPhase section */
		C659C264275525A6009A49D3 /* Resources */ = {
			isa = PBXResourcesBuildPhase;
			buildActionMask = 2147483647;
			files = (
				C659C271275525A7009A49D3 /* Preview Assets.xcassets in Resources */,
				C659C26E275525A7009A49D3 /* Assets.xcassets in Resources */,
			);
			runOnlyForDeploymentPostprocessing = 0;
		};
/* End PBXResourcesBuildPhase section */

/* Begin PBXSourcesBuildPhase section */
		C659C262275525A6009A49D3 /* Sources */ = {
			isa = PBXSourcesBuildPhase;
			buildActionMask = 2147483647;
			files = (
				C659C26C275525A6009A49D3 /* ContentView.swift in Sources */,
				C659C27B27552B53009A49D3 /* PostData.swift in Sources */,
				C659C26A275525A6009A49D3 /* H4X0R_News_SwiftUIApp.swift in Sources */,
				C6F50B2C2758D26000A62B9E /* WebView.swift in Sources */,
				C689190527588F2300500A87 /* DetailView.swift in Sources */,
				C659C279275529B0009A49D3 /* NetWorkManager.swift in Sources */,
			);
			runOnlyForDeploymentPostprocessing = 0;
		};
/* End PBXSourcesBuildPhase section */

/* Begin XCBuildConfiguration section */
		C659C272275525A7009A49D3 /* Debug */ = {
			isa = XCBuildConfiguration;
			buildSettings = {
				ALWAYS_SEARCH_USER_PATHS = NO;
				CLANG_ANALYZER_NONNULL = YES;
				CLANG_ANALYZER_NUMBER_OBJECT_CONVERSION = YES_AGGRESSIVE;
				CLANG_CXX_LANGUAGE_STANDARD = "gnu++17";
				CLANG_CXX_LIBRARY = "libc++";
				CLANG_ENABLE_MODULES = YES;
				CLANG_ENABLE_OBJC_ARC = YES;
				CLANG_ENABLE_OBJC_WEAK = YES;
				CLANG_WARN_BLOCK_CAPTURE_AUTORELEASING = YES;
				CLANG_WARN_BOOL_CONVERSION = YES;
				CLANG_WARN_COMMA = YES;
				CLANG_WARN_CONSTANT_CONVERSION = YES;
				CLANG_WARN_DEPRECATED_OBJC_IMPLEMENTATIONS = YES;
				CLANG_WARN_DIRECT_OBJC_ISA_USAGE = YES_ERROR;
				CLANG_WARN_DOCUMENTATION_COMMENTS = YES;
				CLANG_WARN_EMPTY_BODY = YES;
				CLANG_WARN_ENUM_CONVERSION = YES;
				CLANG_WARN_INFINITE_RECURSION = YES;
				CLANG_WARN_INT_CONVERSION = YES;
				CLANG_WARN_NON_LITERAL_NULL_CONVERSION = YES;
				CLANG_WARN_OBJC_IMPLICIT_RETAIN_SELF = YES;
				CLANG_WARN_OBJC_LITERAL_CONVERSION = YES;
				CLANG_WARN_OBJC_ROOT_CLASS = YES_ERROR;
				CLANG_WARN_QUOTED_INCLUDE_IN_FRAMEWORK_HEADER = YES;
				CLANG_WARN_RANGE_LOOP_ANALYSIS = YES;
				CLANG_WARN_STRICT_PROTOTYPES = YES;
				CLANG_WARN_SUSPICIOUS_MOVE = YES;
				CLANG_WARN_UNGUARDED_AVAILABILITY = YES_AGGRESSIVE;
				CLANG_WARN_UNREACHABLE_CODE = YES;
				CLANG_WARN__DUPLICATE_METHOD_MATCH = YES;
				COPY_PHASE_STRIP = NO;
				DEBUG_INFORMATION_FORMAT = dwarf;
				ENABLE_STRICT_OBJC_MSGSEND = YES;
				ENABLE_TESTABILITY = YES;
				GCC_C_LANGUAGE_STANDARD = gnu11;
				GCC_DYNAMIC_NO_PIC = NO;
				GCC_NO_COMMON_BLOCKS = YES;
				GCC_OPTIMIZATION_LEVEL = 0;
				GCC_PREPROCESSOR_DEFINITIONS = (
					"DEBUG=1",
					"$(inherited)",
				);
				GCC_WARN_64_TO_32_BIT_CONVERSION = YES;
				GCC_WARN_ABOUT_RETURN_TYPE = YES_ERROR;
				GCC_WARN_UNDECLARED_SELECTOR = YES;
				GCC_WARN_UNINITIALIZED_AUTOS = YES_AGGRESSIVE;
				GCC_WARN_UNUSED_FUNCTION = YES;
				GCC_WARN_UNUSED_VARIABLE = YES;
				IPHONEOS_DEPLOYMENT_TARGET = 15.0;
				MTL_ENABLE_DEBUG_INFO = INCLUDE_SOURCE;
				MTL_FAST_MATH = YES;
				ONLY_ACTIVE_ARCH = YES;
				SDKROOT = iphoneos;
				SWIFT_ACTIVE_COMPILATION_CONDITIONS = DEBUG;
				SWIFT_OPTIMIZATION_LEVEL = "-Onone";
			};
			name = Debug;
		};
		C659C273275525A7009A49D3 /* Release */ = {
			isa = XCBuildConfiguration;
			buildSettings = {
				ALWAYS_SEARCH_USER_PATHS = NO;
				CLANG_ANALYZER_NONNULL = YES;
				CLANG_ANALYZER_NUMBER_OBJECT_CONVERSION = YES_AGGRESSIVE;
				CLANG_CXX_LANGUAGE_STANDARD = "gnu++17";
				CLANG_CXX_LIBRARY = "libc++";
				CLANG_ENABLE_MODULES = YES;
				CLANG_ENABLE_OBJC_ARC = YES;
				CLANG_ENABLE_OBJC_WEAK = YES;
				CLANG_WARN_BLOCK_CAPTURE_AUTORELEASING = YES;
				CLANG_WARN_BOOL_CONVERSION = YES;
				CLANG_WARN_COMMA = YES;
				CLANG_WARN_CONSTANT_CONVERSION = YES;
				CLANG_WARN_DEPRECATED_OBJC_IMPLEMENTATIONS = YES;
				CLANG_WARN_DIRECT_OBJC_ISA_USAGE = YES_ERROR;
				CLANG_WARN_DOCUMENTATION_COMMENTS = YES;
				CLANG_WARN_EMPTY_BODY = YES;
				CLANG_WARN_ENUM_CONVERSION = YES;
				CLANG_WARN_INFINITE_RECURSION = YES;
				CLANG_WARN_INT_CONVERSION = YES;
				CLANG_WARN_NON_LITERAL_NULL_CONVERSION = YES;
				CLANG_WARN_OBJC_IMPLICIT_RETAIN_SELF = YES;
				CLANG_WARN_OBJC_LITERAL_CONVERSION = YES;
				CLANG_WARN_OBJC_ROOT_CLASS = YES_ERROR;
				CLANG_WARN_QUOTED_INCLUDE_IN_FRAMEWORK_HEADER = YES;
				CLANG_WARN_RANGE_LOOP_ANALYSIS = YES;
				CLANG_WARN_STRICT_PROTOTYPES = YES;
				CLANG_WARN_SUSPICIOUS_MOVE = YES;
				CLANG_WARN_UNGUARDED_AVAILABILITY = YES_AGGRESSIVE;
				CLANG_WARN_UNREACHABLE_CODE = YES;
				CLANG_WARN__DUPLICATE_METHOD_MATCH = YES;
				COPY_PHASE_STRIP = NO;
				DEBUG_INFORMATION_FORMAT = "dwarf-with-dsym";
				ENABLE_NS_ASSERTIONS = NO;
				ENABLE_STRICT_OBJC_MSGSEND = YES;
				GCC_C_LANGUAGE_STANDARD = gnu11;
				GCC_NO_COMMON_BLOCKS = YES;
				GCC_WARN_64_TO_32_BIT_CONVERSION = YES;
				GCC_WARN_ABOUT_RETURN_TYPE = YES_ERROR;
				GCC_WARN_UNDECLARED_SELECTOR = YES;
				GCC_WARN_UNINITIALIZED_AUTOS = YES_AGGRESSIVE;
				GCC_WARN_UNUSED_FUNCTION = YES;
				GCC_WARN_UNUSED_VARIABLE = YES;
				IPHONEOS_DEPLOYMENT_TARGET = 15.0;
				MTL_ENABLE_DEBUG_INFO = NO;
				MTL_FAST_MATH = YES;
				SDKROOT = iphoneos;
				SWIFT_COMPILATION_MODE = wholemodule;
				SWIFT_OPTIMIZATION_LEVEL = "-O";
				VALIDATE_PRODUCT = YES;
			};
			name = Release;
		};
		C659C275275525A7009A49D3 /* Debug */ = {
			isa = XCBuildConfiguration;
			buildSettings = {
				ASSETCATALOG_COMPILER_APPICON_NAME = AppIcon;
				ASSETCATALOG_COMPILER_GLOBAL_ACCENT_COLOR_NAME = AccentColor;
				CODE_SIGN_STYLE = Automatic;
				CURRENT_PROJECT_VERSION = 1;
				DEVELOPMENT_ASSET_PATHS = "\"H4X0R News SwiftUI/Preview Content\"";
				DEVELOPMENT_TEAM = 48MD5H7UT2;
				ENABLE_PREVIEWS = YES;
				GENERATE_INFOPLIST_FILE = YES;
				INFOPLIST_KEY_UIApplicationSceneManifest_Generation = YES;
				INFOPLIST_KEY_UIApplicationSupportsIndirectInputEvents = YES;
				INFOPLIST_KEY_UILaunchScreen_Generation = YES;
				INFOPLIST_KEY_UISupportedInterfaceOrientations_iPad = "UIInterfaceOrientationPortrait UIInterfaceOrientationPortraitUpsideDown UIInterfaceOrientationLandscapeLeft UIInterfaceOrientationLandscapeRight";
				INFOPLIST_KEY_UISupportedInterfaceOrientations_iPhone = "UIInterfaceOrientationPortrait UIInterfaceOrientationLandscapeLeft UIInterfaceOrientationLandscapeRight";
				LD_RUNPATH_SEARCH_PATHS = (
					"$(inherited)",
					"@executable_path/Frameworks",
				);
				MARKETING_VERSION = 1.0;
				PRODUCT_BUNDLE_IDENTIFIER = "BrewApp.H4X0R-News-SwiftUI";
				PRODUCT_NAME = "$(TARGET_NAME)";
				SWIFT_EMIT_LOC_STRINGS = YES;
				SWIFT_VERSION = 5.0;
				TARGETED_DEVICE_FAMILY = "1,2";
			};
			name = Debug;
		};
		C659C276275525A7009A49D3 /* Release */ = {
			isa = XCBuildConfiguration;
			buildSettings = {
				ASSETCATALOG_COMPILER_APPICON_NAME = AppIcon;
				ASSETCATALOG_COMPILER_GLOBAL_ACCENT_COLOR_NAME = AccentColor;
				CODE_SIGN_STYLE = Automatic;
				CURRENT_PROJECT_VERSION = 1;
				DEVELOPMENT_ASSET_PATHS = "\"H4X0R News SwiftUI/Preview Content\"";
				DEVELOPMENT_TEAM = 48MD5H7UT2;
				ENABLE_PREVIEWS = YES;
				GENERATE_INFOPLIST_FILE = YES;
				INFOPLIST_KEY_UIApplicationSceneManifest_Generation = YES;
				INFOPLIST_KEY_UIApplicationSupportsIndirectInputEvents = YES;
				INFOPLIST_KEY_UILaunchScreen_Generation = YES;
				INFOPLIST_KEY_UISupportedInterfaceOrientations_iPad = "UIInterfaceOrientationPortrait UIInterfaceOrientationPortraitUpsideDown UIInterfaceOrientationLandscapeLeft UIInterfaceOrientationLandscapeRight";
				INFOPLIST_KEY_UISupportedInterfaceOrientations_iPhone = "UIInterfaceOrientationPortrait UIInterfaceOrientationLandscapeLeft UIInterfaceOrientationLandscapeRight";
				LD_RUNPATH_SEARCH_PATHS = (
					"$(inherited)",
					"@executable_path/Frameworks",
				);
				MARKETING_VERSION = 1.0;
				PRODUCT_BUNDLE_IDENTIFIER = "BrewApp.H4X0R-News-SwiftUI";
				PRODUCT_NAME = "$(TARGET_NAME)";
				SWIFT_EMIT_LOC_STRINGS = YES;
				SWIFT_VERSION = 5.0;
				TARGETED_DEVICE_FAMILY = "1,2";
			};
			name = Release;
		};
/* End XCBuildConfiguration section */

/* Begin XCConfigurationList section */
		C659C261275525A6009A49D3 /* Build configuration list for PBXProject "H4X0R News SwiftUI" */ = {
			isa = XCConfigurationList;
			buildConfigurations = (
				C659C272275525A7009A49D3 /* Debug */,
				C659C273275525A7009A49D3 /* Release */,
			);
			defaultConfigurationIsVisible = 0;
			defaultConfigurationName = Release;
		};
		C659C274275525A7009A49D3 /* Build configuration list for PBXNativeTarget "H4X0R News SwiftUI" */ = {
			isa = XCConfigurationList;
			buildConfigurations = (
				C659C275275525A7009A49D3 /* Debug */,
				C659C276275525A7009A49D3 /* Release */,
			);
			defaultConfigurationIsVisible = 0;
			defaultConfigurationName = Release;
		};
/* End XCConfigurationList section */
	};
	rootObject = C659C25E275525A6009A49D3 /* Project object */;
}
